# This file is generated by running "yarn install" inside your project.
# Manual changes might be lost - proceed with caution!

__metadata:
  version: 6
  cacheKey: 8

"@next/env@npm:12.1.0":
  version: 12.1.0
  resolution: "@next/env@npm:12.1.0"
  checksum: 31037e019846a2c3eeb106d64d54084e0b86d1b9b92fdb7332eeb39d94cb4a8e11ddab1a088088f7aea7b60a4cb57781815539676fddedf4305f19f8c8bf5b7f
  languageName: node
  linkType: hard

"@next/swc-android-arm64@npm:12.1.0":
  version: 12.1.0
  resolution: "@next/swc-android-arm64@npm:12.1.0"
  conditions: os=android & cpu=arm64
  languageName: node
  linkType: hard

"@next/swc-darwin-arm64@npm:12.1.0":
  version: 12.1.0
  resolution: "@next/swc-darwin-arm64@npm:12.1.0"
  conditions: os=darwin & cpu=arm64
  languageName: node
  linkType: hard

"@next/swc-darwin-x64@npm:12.1.0":
  version: 12.1.0
  resolution: "@next/swc-darwin-x64@npm:12.1.0"
  conditions: os=darwin & cpu=x64
  languageName: node
  linkType: hard

"@next/swc-linux-arm-gnueabihf@npm:12.1.0":
  version: 12.1.0
  resolution: "@next/swc-linux-arm-gnueabihf@npm:12.1.0"
  conditions: os=linux & cpu=arm
  languageName: node
  linkType: hard

"@next/swc-linux-arm64-gnu@npm:12.1.0":
  version: 12.1.0
  resolution: "@next/swc-linux-arm64-gnu@npm:12.1.0"
  conditions: os=linux & cpu=arm64
  languageName: node
  linkType: hard

"@next/swc-linux-arm64-musl@npm:12.1.0":
  version: 12.1.0
  resolution: "@next/swc-linux-arm64-musl@npm:12.1.0"
  conditions: os=linux & cpu=arm64
  languageName: node
  linkType: hard

"@next/swc-linux-x64-gnu@npm:12.1.0":
  version: 12.1.0
  resolution: "@next/swc-linux-x64-gnu@npm:12.1.0"
  conditions: os=linux & cpu=x64
  languageName: node
  linkType: hard

"@next/swc-linux-x64-musl@npm:12.1.0":
  version: 12.1.0
  resolution: "@next/swc-linux-x64-musl@npm:12.1.0"
  conditions: os=linux & cpu=x64
  languageName: node
  linkType: hard

"@next/swc-win32-arm64-msvc@npm:12.1.0":
  version: 12.1.0
  resolution: "@next/swc-win32-arm64-msvc@npm:12.1.0"
  conditions: os=win32 & cpu=arm64
  languageName: node
  linkType: hard

"@next/swc-win32-ia32-msvc@npm:12.1.0":
  version: 12.1.0
  resolution: "@next/swc-win32-ia32-msvc@npm:12.1.0"
  conditions: os=win32 & cpu=ia32
  languageName: node
  linkType: hard

"@next/swc-win32-x64-msvc@npm:12.1.0":
  version: 12.1.0
  resolution: "@next/swc-win32-x64-msvc@npm:12.1.0"
  conditions: os=win32 & cpu=x64
  languageName: node
  linkType: hard

"@types/prop-types@npm:*":
  version: 15.7.4
  resolution: "@types/prop-types@npm:15.7.4"
  checksum: ef6e1899e59b876c273811b1bd845022fc66d5a3d11cb38a25b6c566b30514ae38fe20a40f67622f362a4f4f7f9224e22d8da101cff3d6e97e11d7b4c307cfc1
  languageName: node
  linkType: hard

"@types/react-dom@npm:^17":
  version: 17.0.13
  resolution: "@types/react-dom@npm:17.0.13"
  dependencies:
    "@types/react": "*"
  checksum: 62c42a54ac8961c23a0e74b9cdd8b0a78563757e462b1ab665b2aa365bfd8b86a73d3f6eafc09a4a80fb08659321db168f012aa597c41c0df36f645a94e9266b
  languageName: node
  linkType: hard

"@types/react@npm:*, @types/react@npm:^17":
  version: 17.0.39
  resolution: "@types/react@npm:17.0.39"
  dependencies:
    "@types/prop-types": "*"
    "@types/scheduler": "*"
    csstype: ^3.0.2
  checksum: bf04d3c2894559012710d595553e12b422d3b91cd8f4f7e122d8cb044ba9c2ba17f6e8a4e09581359cc5509ddc59cd8c8fabd6774f3505a40a45393f074d6e6e
  languageName: node
  linkType: hard

"@types/scheduler@npm:*":
  version: 0.16.2
  resolution: "@types/scheduler@npm:0.16.2"
  checksum: b6b4dcfeae6deba2e06a70941860fb1435730576d3689225a421280b7742318d1548b3d22c1f66ab68e414f346a9542f29240bc955b6332c5b11e561077583bc
  languageName: node
  linkType: hard

"caniuse-lite@npm:^1.0.30001283":
  version: 1.0.30001313
  resolution: "caniuse-lite@npm:1.0.30001313"
  checksum: 49f2dcd1fa493a09a5247dcf3a4da3b9df355131b1fc1fd08b67ae7683c300ed9b9eef6a5424b4ac7e5d1ff0e129d2a0b4adf2a6a5a04ab5c2c0b2c590e935be
  languageName: node
  linkType: hard

"csstype@npm:^3.0.2":
  version: 3.0.11
  resolution: "csstype@npm:3.0.11"
  checksum: 95e56abfe9ca219ae065acb4e43f61771a03170eed919127f558dfa168240867aba7629c8d98a201a0dd06d9a5ce82686f0570031c928516c61816adbc7c877f
  languageName: node
  linkType: hard

"hanlee.io@workspace:.":
  version: 0.0.0-use.local
  resolution: "hanlee.io@workspace:."
  dependencies:
    "@types/react": ^17
    "@types/react-dom": ^17
    next: ^12.1.0
    react: ^17.0.2
    react-dom: ^17.0.2
    typescript: ^4.6.2
  languageName: unknown
  linkType: soft

"js-tokens@npm:^3.0.0 || ^4.0.0":
  version: 4.0.0
  resolution: "js-tokens@npm:4.0.0"
  checksum: 8a95213a5a77deb6cbe94d86340e8d9ace2b93bc367790b260101d2f36a2eaf4e4e22d9fa9cf459b38af3a32fb4190e638024cf82ec95ef708680e405ea7cc78
  languageName: node
  linkType: hard

"loose-envify@npm:^1.1.0":
  version: 1.4.0
  resolution: "loose-envify@npm:1.4.0"
  dependencies:
    js-tokens: ^3.0.0 || ^4.0.0
  bin:
    loose-envify: cli.js
  checksum: 6517e24e0cad87ec9888f500c5b5947032cdfe6ef65e1c1936a0c48a524b81e65542c9c3edc91c97d5bddc806ee2a985dbc79be89215d613b1de5db6d1cfe6f4
  languageName: node
  linkType: hard

"nanoid@npm:^3.1.30":
  version: 3.3.1
  resolution: "nanoid@npm:3.3.1"
  bin:
    nanoid: bin/nanoid.cjs
  checksum: 4ef0969e1bbe866fc223eb32276cbccb0961900bfe79104fa5abe34361979dead8d0e061410a5c03bc3d47455685adf32c09d6f27790f4a6898fb51f7df7ec86
  languageName: node
  linkType: hard

"next@npm:^12.1.0":
  version: 12.1.0
  resolution: "next@npm:12.1.0"
  dependencies:
    "@next/env": 12.1.0
    "@next/swc-android-arm64": 12.1.0
    "@next/swc-darwin-arm64": 12.1.0
    "@next/swc-darwin-x64": 12.1.0
    "@next/swc-linux-arm-gnueabihf": 12.1.0
    "@next/swc-linux-arm64-gnu": 12.1.0
    "@next/swc-linux-arm64-musl": 12.1.0
    "@next/swc-linux-x64-gnu": 12.1.0
    "@next/swc-linux-x64-musl": 12.1.0
    "@next/swc-win32-arm64-msvc": 12.1.0
    "@next/swc-win32-ia32-msvc": 12.1.0
    "@next/swc-win32-x64-msvc": 12.1.0
    caniuse-lite: ^1.0.30001283
    postcss: 8.4.5
    styled-jsx: 5.0.0
    use-subscription: 1.5.1
  peerDependencies:
    fibers: ">= 3.1.0"
    node-sass: ^6.0.0 || ^7.0.0
    react: ^17.0.2 || ^18.0.0-0
    react-dom: ^17.0.2 || ^18.0.0-0
    sass: ^1.3.0
  dependenciesMeta:
    "@next/swc-android-arm64":
      optional: true
    "@next/swc-darwin-arm64":
      optional: true
    "@next/swc-darwin-x64":
      optional: true
    "@next/swc-linux-arm-gnueabihf":
      optional: true
    "@next/swc-linux-arm64-gnu":
      optional: true
    "@next/swc-linux-arm64-musl":
      optional: true
    "@next/swc-linux-x64-gnu":
      optional: true
    "@next/swc-linux-x64-musl":
      optional: true
    "@next/swc-win32-arm64-msvc":
      optional: true
    "@next/swc-win32-ia32-msvc":
      optional: true
    "@next/swc-win32-x64-msvc":
      optional: true
  peerDependenciesMeta:
    fibers:
      optional: true
    node-sass:
      optional: true
    sass:
      optional: true
  bin:
    next: dist/bin/next
  checksum: 36dbafd5e640c420446dc05077f858ae4a8aaf5f91feb3c6c16c1b3f50b9fb63f743ef282a3bf0c68645442bef8aee643492f6dc62388a17f87064cde064d181
  languageName: node
  linkType: hard

"object-assign@npm:^4.1.1":
  version: 4.1.1
  resolution: "object-assign@npm:4.1.1"
  checksum: fcc6e4ea8c7fe48abfbb552578b1c53e0d194086e2e6bbbf59e0a536381a292f39943c6e9628af05b5528aa5e3318bb30d6b2e53cadaf5b8fe9e12c4b69af23f
  languageName: node
  linkType: hard

"picocolors@npm:^1.0.0":
  version: 1.0.0
  resolution: "picocolors@npm:1.0.0"
  checksum: a2e8092dd86c8396bdba9f2b5481032848525b3dc295ce9b57896f931e63fc16f79805144321f72976383fc249584672a75cc18d6777c6b757603f372f745981
  languageName: node
  linkType: hard

"postcss@npm:8.4.5":
  version: 8.4.5
  resolution: "postcss@npm:8.4.5"
  dependencies:
    nanoid: ^3.1.30
    picocolors: ^1.0.0
    source-map-js: ^1.0.1
  checksum: b78abdd89c10f7b48f4bdcd376104a19d6e9c7495ab521729bdb3df315af6c211360e9f06887ad3bc0ab0f61a04b91d68ea11462997c79cced58b9ccd66fac07
  languageName: node
  linkType: hard

"react-dom@npm:^17.0.2":
  version: 17.0.2
  resolution: "react-dom@npm:17.0.2"
  dependencies:
    loose-envify: ^1.1.0
    object-assign: ^4.1.1
    scheduler: ^0.20.2
  peerDependencies:
    react: 17.0.2
  checksum: 1c1eaa3bca7c7228d24b70932e3d7c99e70d1d04e13bb0843bbf321582bc25d7961d6b8a6978a58a598af2af496d1cedcfb1bf65f6b0960a0a8161cb8dab743c
  languageName: node
  linkType: hard

"react@npm:^17.0.2":
  version: 17.0.2
  resolution: "react@npm:17.0.2"
  dependencies:
    loose-envify: ^1.1.0
    object-assign: ^4.1.1
  checksum: b254cc17ce3011788330f7bbf383ab653c6848902d7936a87b09d835d091e3f295f7e9dd1597c6daac5dc80f90e778c8230218ba8ad599f74adcc11e33b9d61b
  languageName: node
  linkType: hard

"scheduler@npm:^0.20.2":
  version: 0.20.2
  resolution: "scheduler@npm:0.20.2"
  dependencies:
    loose-envify: ^1.1.0
    object-assign: ^4.1.1
  checksum: c4b35cf967c8f0d3e65753252d0f260271f81a81e427241295c5a7b783abf4ea9e905f22f815ab66676f5313be0a25f47be582254db8f9241b259213e999b8fc
  languageName: node
  linkType: hard

"source-map-js@npm:^1.0.1":
  version: 1.0.2
  resolution: "source-map-js@npm:1.0.2"
  checksum: c049a7fc4deb9a7e9b481ae3d424cc793cb4845daa690bc5a05d428bf41bf231ced49b4cf0c9e77f9d42fdb3d20d6187619fc586605f5eabe995a316da8d377c
  languageName: node
  linkType: hard

"styled-jsx@npm:5.0.0":
  version: 5.0.0
  resolution: "styled-jsx@npm:5.0.0"
  peerDependencies:
    react: ">= 16.8.0 || 17.x.x || 18.x.x"
  peerDependenciesMeta:
    "@babel/core":
      optional: true
    babel-plugin-macros:
      optional: true
  checksum: 4958238ac8b8e90ac7d906aca3821e3ffb0c70c34c78b87d27f0f11c830c8237c8f4c0e7952dc51373d6fa097b16a023dcc7c9ededd402d8483b5ed2d8cefda9
  languageName: node
  linkType: hard

"typescript@npm:^4.6.2":
  version: 4.6.2
  resolution: "typescript@npm:4.6.2"
  bin:
    tsc: bin/tsc
    tsserver: bin/tsserver
  checksum: 8a44ed7e6f6c4cb1ebe8cf236ecda2fb119d84dcf0fbd77e707b2dfea1bbcfc4e366493a143513ce7f57203c75da9d4e20af6fe46de89749366351046be7577c
  languageName: node
  linkType: hard

"typescript@patch:typescript@^4.6.2#~builtin<compat/typescript>":
  version: 4.6.2
  resolution: "typescript@patch:typescript@npm%3A4.6.2#~builtin<compat/typescript>::version=4.6.2&hash=bda367"
  bin:
    tsc: bin/tsc
    tsserver: bin/tsserver
  checksum: 40b493a71747fb89fa70df104e2c4a5e284b43750af5bea024090a5261cefa387f7a9372411b13030f7bf5555cee4275443d08805642ae5c74ef76740854a4c7
  languageName: node
  linkType: hard

"use-subscription@npm:1.5.1":
  version: 1.5.1
  resolution: "use-subscription@npm:1.5.1"
  dependencies:
    object-assign: ^4.1.1
  peerDependencies:
    react: ^16.8.0 || ^17.0.0
  checksum: 96e64977a573244fd11350a3141b2cf57fb72dd9dd902f387c8a0a565d0a948bc81588bd7378c6ef6defc0d1119f37f73aac4a7a287c8443abd444bd4e7bbea8
  languageName: node
  linkType: hard
